
Microsoft Visual Studio Solution File, Format Version 12.00
# Visual Studio Version 17
VisualStudioVersion = 17.13.35919.96 d17.13
MinimumVisualStudioVersion = 10.0.40219.1
Project("{FAE04EC0-301F-11D3-BF4B-00C04F79EFBC}") = "CuestionarioNom035", "CuestionarioNom035\CuestionarioNom035.csproj", "{10015935-5B44-413C-8E0E-088E033E7757}"
EndProject
Global
	GlobalSection(SolutionConfigurationPlatforms) = preSolution
		Debug|Any CPU = Debug|Any CPU
		Release|Any CPU = Release|Any CPU
	EndGlobalSection
	GlobalSection(ProjectConfigurationPlatforms) = postSolution
		{10015935-5B44-413C-8E0E-088E033E7757}.Debug|Any CPU.ActiveCfg = Debug|Any CPU
		{10015935-5B44-413C-8E0E-088E033E7757}.Debug|Any CPU.Build.0 = Debug|Any CPU
		{10015935-5B44-413C-8E0E-088E033E7757}.Release|Any CPU.ActiveCfg = Release|Any CPU
		{10015935-5B44-413C-8E0E-088E033E7757}.Release|Any CPU.Build.0 = Release|Any CPU
	EndGlobalSection
	GlobalSection(SolutionProperties) = preSolution
		HideSolutionNode = FALSE
	EndGlobalSection
	GlobalSection(ExtensibilityGlobals) = postSolution
		SolutionGuid = {531C54D9-457C-4543-B14A-8B68E4EF9BB4}
	EndGlobalSection
EndGlobal
